
Microsoft Visual Studio Solution File, Format Version 12.00
# Visual Studio 15
VisualStudioVersion = 15.0.27004.2005
MinimumVisualStudioVersion = 10.0.40219.1
Project("{FAE04EC0-301F-11D3-BF4B-00C04F79EFBC}") = "Website", "Website\Website.csproj", "{AC0050F9-42E0-4F40-89C7-AEA18DE5B1CC}"
EndProject
Global
	GlobalSection(SolutionConfigurationPlatforms) = preSolution
		Debug|Any CPU = Debug|Any CPU
		Release|Any CPU = Release|Any CPU
	EndGlobalSection
	GlobalSection(ProjectConfigurationPlatforms) = postSolution
		{AC0050F9-42E0-4F40-89C7-AEA18DE5B1CC}.Debug|Any CPU.ActiveCfg = Debug|Any CPU
		{AC0050F9-42E0-4F40-89C7-AEA18DE5B1CC}.Debug|Any CPU.Build.0 = Debug|Any CPU
		{AC0050F9-42E0-4F40-89C7-AEA18DE5B1CC}.Release|Any CPU.ActiveCfg = Release|Any CPU
		{AC0050F9-42E0-4F40-89C7-AEA18DE5B1CC}.Release|Any CPU.Build.0 = Release|Any CPU
	EndGlobalSection
	GlobalSection(SolutionProperties) = preSolution
		HideSolutionNode = FALSE
	EndGlobalSection
	GlobalSection(ExtensibilityGlobals) = postSolution
		SolutionGuid = {EB3705BB-9D0D-4EE3-BD27-4256E646D2DC}
	EndGlobalSection
EndGlobal
