
Microsoft Visual Studio Solution File, Format Version 12.00
# Visual Studio 15
VisualStudioVersion = 15.0.27004.2005
MinimumVisualStudioVersion = 10.0.40219.1
Project("{9A19103F-16F7-4668-BE54-9A1E7A4F7556}") = "Website", "Website\Website.csproj", "{AC0050F9-42E0-4F40-89C7-AEA18DE5B1CC}"
EndProject
Project("{2150E333-8FDC-42A3-9474-1A3956D46DE8}") = "Solution Items", "Solution Items", "{B0D5C88B-C923-482B-B60F-D850260EAF27}"
	ProjectSection(SolutionItems) = preProject
		.gitattributes = .gitattributes
		.gitignore = .gitignore
		README.md = README.md
	EndProjectSection
EndProject
Project("{FAE04EC0-301F-11D3-BF4B-00C04F79EFBC}") = "WebsiteApi", "WebsiteApi\WebsiteApi.csproj", "{A941208F-D9EF-4CFE-AD58-1F8920D3996C}"
EndProject
Global
	GlobalSection(SolutionConfigurationPlatforms) = preSolution
		Debug|Any CPU = Debug|Any CPU
		Release|Any CPU = Release|Any CPU
	EndGlobalSection
	GlobalSection(ProjectConfigurationPlatforms) = postSolution
		{AC0050F9-42E0-4F40-89C7-AEA18DE5B1CC}.Debug|Any CPU.ActiveCfg = Debug|Any CPU
		{AC0050F9-42E0-4F40-89C7-AEA18DE5B1CC}.Debug|Any CPU.Build.0 = Debug|Any CPU
		{AC0050F9-42E0-4F40-89C7-AEA18DE5B1CC}.Release|Any CPU.ActiveCfg = Release|Any CPU
		{AC0050F9-42E0-4F40-89C7-AEA18DE5B1CC}.Release|Any CPU.Build.0 = Release|Any CPU
		{A941208F-D9EF-4CFE-AD58-1F8920D3996C}.Debug|Any CPU.ActiveCfg = Debug|Any CPU
		{A941208F-D9EF-4CFE-AD58-1F8920D3996C}.Debug|Any CPU.Build.0 = Debug|Any CPU
		{A941208F-D9EF-4CFE-AD58-1F8920D3996C}.Release|Any CPU.ActiveCfg = Release|Any CPU
		{A941208F-D9EF-4CFE-AD58-1F8920D3996C}.Release|Any CPU.Build.0 = Release|Any CPU
	EndGlobalSection
	GlobalSection(SolutionProperties) = preSolution
		HideSolutionNode = FALSE
	EndGlobalSection
	GlobalSection(ExtensibilityGlobals) = postSolution
		SolutionGuid = {EB3705BB-9D0D-4EE3-BD27-4256E646D2DC}
	EndGlobalSection
EndGlobal
